
Microsoft Visual Studio Solution File, Format Version 12.00
# Visual Studio Version 17
VisualStudioVersion = 17.1.32407.343
MinimumVisualStudioVersion = 10.0.40219.1
Project("{FAE04EC0-301F-11D3-BF4B-00C04F79EFBC}") = "Prueba_Csharp", "Prueba_Csharp\Prueba_Csharp.csproj", "{8C9A7225-7894-4E71-B5DB-A408ECD63DCC}"
EndProject
Global
	GlobalSection(SolutionConfigurationPlatforms) = preSolution
		Debug|Any CPU = Debug|Any CPU
		Release|Any CPU = Release|Any CPU
	EndGlobalSection
	GlobalSection(ProjectConfigurationPlatforms) = postSolution
		{8C9A7225-7894-4E71-B5DB-A408ECD63DCC}.Debug|Any CPU.ActiveCfg = Debug|Any CPU
		{8C9A7225-7894-4E71-B5DB-A408ECD63DCC}.Debug|Any CPU.Build.0 = Debug|Any CPU
		{8C9A7225-7894-4E71-B5DB-A408ECD63DCC}.Release|Any CPU.ActiveCfg = Release|Any CPU
		{8C9A7225-7894-4E71-B5DB-A408ECD63DCC}.Release|Any CPU.Build.0 = Release|Any CPU
	EndGlobalSection
	GlobalSection(SolutionProperties) = preSolution
		HideSolutionNode = FALSE
	EndGlobalSection
	GlobalSection(ExtensibilityGlobals) = postSolution
		SolutionGuid = {0D4CA02C-C802-4FDE-8EFD-66423CE4F48B}
	EndGlobalSection
EndGlobal
